# THIS IS AN AUTOGENERATED FILE. DO NOT EDIT THIS FILE DIRECTLY.
# yarn lockfile v1


"@codama/cli@1.0.10":
  version "1.0.10"
  resolved "https://registry.npmjs.org/@codama/cli/-/cli-1.0.10.tgz"
  integrity sha512-zKfQZYIqu834fno5ra6H/rlqFlNWNJ5tU5spxxVBOwECX3oUZc5+ED9Vu6cOP/FRgs6FI24/d603P6iSz0vuuA==
  dependencies:
    "@codama/nodes" "1.2.11"
    "@codama/nodes-from-anchor" "1.1.11"
    "@codama/renderers" "1.0.19"
    "@codama/renderers-js" "1.2.10"
    "@codama/renderers-js-umi" "1.1.12"
    "@codama/renderers-rust" "1.0.19"
    "@codama/visitors" "1.2.11"
    "@codama/visitors-core" "1.2.11"
    commander "^13.1.0"
    picocolors "^1.1.1"
    prompts "^2.4.2"

"@codama/errors@1.2.11":
  version "1.2.11"
  resolved "https://registry.npmjs.org/@codama/errors/-/errors-1.2.11.tgz"
  integrity sha512-npkIj4bqLMENt2HPtxzLitaduwtl/kaQkW1lFJJdJR7Fu1rD0R4jQkiysqvzMggviOFMnR2/ANutXxKy3NaqQA==
  dependencies:
    "@codama/node-types" "1.2.11"
    chalk "^5.4.1"
    commander "^13.1.0"

"@codama/node-types@1.2.11":
  version "1.2.11"
  resolved "https://registry.npmjs.org/@codama/node-types/-/node-types-1.2.11.tgz"
  integrity sha512-4yUA2uYwC/VmtyiRZe+89mWJ3BiN9D6mckiYgvpyOHTNtQ0y35CQpPloJzb0hiRcWIuVaOmV+AWqZrZn5wbzkg==

"@codama/nodes-from-anchor@^1.1.8", "@codama/nodes-from-anchor@1.1.11":
  version "1.1.11"
  resolved "https://registry.npmjs.org/@codama/nodes-from-anchor/-/nodes-from-anchor-1.1.11.tgz"
  integrity sha512-OpBGlmZnHhbOhHfJ8uKcUP5/ZESjVGV/xyxB5XDRHyBFzUOuxGheAm1/fC9M7K5pNtxEaOk8Ouq9U72cvAK0Xw==
  dependencies:
    "@codama/errors" "1.2.11"
    "@codama/nodes" "1.2.11"
    "@codama/visitors" "1.2.11"
    "@noble/hashes" "^1.7.1"
    "@solana/codecs" "2.1.0"

"@codama/nodes@1.2.11":
  version "1.2.11"
  resolved "https://registry.npmjs.org/@codama/nodes/-/nodes-1.2.11.tgz"
  integrity sha512-+cJrFHYcNMwjgfChgY3ujbUNu8dmsokcbq5UGzuS5CCSJ8g7t3SIc07tTj/VJwZnKrClCSiKl12chP7Q0Vc2Rw==
  dependencies:
    "@codama/errors" "1.2.11"
    "@codama/node-types" "1.2.11"

"@codama/renderers-core@1.0.13":
  version "1.0.13"
  resolved "https://registry.npmjs.org/@codama/renderers-core/-/renderers-core-1.0.13.tgz"
  integrity sha512-1/IDgYlsKi1CZCJ6imyiIk/BJDYNKzUnwfD0m/HwLOhzyKZwn0OAbMMQuKkBgcclmzD/izxmHxYHJvAJZSBl+w==
  dependencies:
    "@codama/errors" "1.2.11"
    "@codama/nodes" "1.2.11"
    "@codama/visitors-core" "1.2.11"

"@codama/renderers-js-umi@1.1.12":
  version "1.1.12"
  resolved "https://registry.npmjs.org/@codama/renderers-js-umi/-/renderers-js-umi-1.1.12.tgz"
  integrity sha512-Ne3hdMBPDdfXgXTjFoxeSSoOLP44ecCryG/H0t2okNau3IB6NO3DN13xn4xtC/l3JO6bdjxggyPg8QZEw8lc5g==
  dependencies:
    "@codama/errors" "1.2.11"
    "@codama/nodes" "1.2.11"
    "@codama/renderers-core" "1.0.13"
    "@codama/validators" "1.2.11"
    "@codama/visitors-core" "1.2.11"
    "@solana/codecs-strings" rc
    nunjucks "^3.2.4"
    prettier "^3.5.3"

"@codama/renderers-js@1.2.10":
  version "1.2.10"
  resolved "https://registry.npmjs.org/@codama/renderers-js/-/renderers-js-1.2.10.tgz"
  integrity sha512-rGlrmP5Rs90taX2IDKjHskDXhfVFMajfnCq1RFNg4/2XoEtWeXPkhQTWVUgn0q9tBAcvQCWyea2IfjGjjk5XMA==
  dependencies:
    "@codama/errors" "1.2.11"
    "@codama/nodes" "1.2.11"
    "@codama/nodes-from-anchor" "1.1.11"
    "@codama/renderers-core" "1.0.13"
    "@codama/visitors-core" "1.2.11"
    "@solana/codecs-strings" rc
    nunjucks "^3.2.4"
    prettier "^3.5.3"

"@codama/renderers-rust@1.0.19":
  version "1.0.19"
  resolved "https://registry.npmjs.org/@codama/renderers-rust/-/renderers-rust-1.0.19.tgz"
  integrity sha512-ur2oQsMZ0P/g0DXY4tcw6Hznsq8ax1n968lfUNnxMHNBYr3zdhfJRBvzsF7RtcYkEvengOafQn1N5AlsNv1GBA==
  dependencies:
    "@codama/errors" "1.2.11"
    "@codama/nodes" "1.2.11"
    "@codama/renderers-core" "1.0.13"
    "@codama/visitors-core" "1.2.11"
    "@solana/codecs-strings" rc
    nunjucks "^3.2.4"

"@codama/renderers@^1.0.16", "@codama/renderers@1.0.19":
  version "1.0.19"
  resolved "https://registry.npmjs.org/@codama/renderers/-/renderers-1.0.19.tgz"
  integrity sha512-gzc+dOVyzIkPjEEZiEcQLAHS+7hJL9hU4x5ZiMJfemLLapk/wIg7fH1s5alw3oDh6HosZouVtnAYp1OOukH88A==
  dependencies:
    "@codama/renderers-js" "1.2.10"
    "@codama/renderers-js-umi" "1.1.12"
    "@codama/renderers-rust" "1.0.19"

"@codama/validators@1.2.11":
  version "1.2.11"
  resolved "https://registry.npmjs.org/@codama/validators/-/validators-1.2.11.tgz"
  integrity sha512-67j+GEIZqq1Qh8eZe63Dnh21zzeVoJQbj56uek8VYLevgt9qfO8hdI9D/XGg7xM+o2fKa9g3NlwO5jOSG+1oLQ==
  dependencies:
    "@codama/errors" "1.2.11"
    "@codama/nodes" "1.2.11"
    "@codama/visitors-core" "1.2.11"

"@codama/visitors-core@1.2.11":
  version "1.2.11"
  resolved "https://registry.npmjs.org/@codama/visitors-core/-/visitors-core-1.2.11.tgz"
  integrity sha512-+hf5NT7DzxxVus+z3mVVrE53hW60E83ao64Ya3zyVFa+vLCUnAcYgrpL8I6UU391QymgDa0NfYJXedgjqWkfGw==
  dependencies:
    "@codama/errors" "1.2.11"
    "@codama/nodes" "1.2.11"
    json-stable-stringify "^1.2.1"

"@codama/visitors@1.2.11":
  version "1.2.11"
  resolved "https://registry.npmjs.org/@codama/visitors/-/visitors-1.2.11.tgz"
  integrity sha512-UxqVUcXFJFdCdpkKXiEmHRaLhIJIyAQijmt1hMb1LoWnPe2yavkuVdo5cPuJqZ/lImu4+LDVZz7Tk7l3iZG8uw==
  dependencies:
    "@codama/errors" "1.2.11"
    "@codama/nodes" "1.2.11"
    "@codama/visitors-core" "1.2.11"

"@esbuild/darwin-arm64@0.25.2":
  version "0.25.2"
  resolved "https://registry.npmjs.org/@esbuild/darwin-arm64/-/darwin-arm64-0.25.2.tgz"
  integrity sha512-MpM6LUVTXAzOvN4KbjzU/q5smzryuoNjlriAIx+06RpecwCkL9JpenNzpKd2YMzLJFOdPqBpuub6eVRP5IgiSA==

"@noble/hashes@^1.7.1":
  version "1.7.1"
  resolved "https://registry.npmjs.org/@noble/hashes/-/hashes-1.7.1.tgz"
  integrity sha512-B8XBPsn4vT/KJAGqDzbwztd+6Yte3P4V7iafm24bxgDe/mlRuK6xmWPuCNrKt2vDafZ8MfJLlchDG/vYafQEjQ==

"@solana-program/compute-budget@^0.7.0":
  version "0.7.0"
  resolved "https://registry.npmjs.org/@solana-program/compute-budget/-/compute-budget-0.7.0.tgz"
  integrity sha512-/JJSE1fKO5zx7Z55Z2tLGWBDDi7tUE+xMlK8qqkHlY51KpqksMsIBzQMkG9Dqhoe2Cnn5/t3QK1nJKqW6eHzpg==

"@solana-program/memo@^0.7.0":
  version "0.7.0"
  resolved "https://registry.npmjs.org/@solana-program/memo/-/memo-0.7.0.tgz"
  integrity sha512-3T9iUjWSYtN/5S5jzJuasD2yQfVfFAQ9yTwIE25+P9peWqz4oarn6ZQvRj/FLcBqaMLtSqLhU1hN2cyVBS6hyg==

"@solana-program/system@^0.7.0":
  version "0.7.0"
  resolved "https://registry.npmjs.org/@solana-program/system/-/system-0.7.0.tgz"
  integrity sha512-FKTBsKHpvHHNc1ATRm7SlC5nF/VdJtOSjldhcyfMN9R7xo712Mo2jHIzvBgn8zQO5Kg0DcWuKB7268Kv1ocicw==

"@solana-program/token-2022@^0.4.0":
  version "0.4.0"
  resolved "https://registry.npmjs.org/@solana-program/token-2022/-/token-2022-0.4.0.tgz"
  integrity sha512-rLcYyjeRq/dW62ju9X+gFYqIIRGuD4vXq6EwM9oQBoURFbFzyo12VUi6v0hNh0dRcru+kUx321qVCAfsWWV/ug==

"@solana-program/token@^0.5.1":
  version "0.5.1"
  resolved "https://registry.npmjs.org/@solana-program/token/-/token-0.5.1.tgz"
  integrity sha512-bJvynW5q9SFuVOZ5vqGVkmaPGA0MCC+m9jgJj1nk5m20I389/ms69ASnhWGoOPNcie7S9OwBX0gTj2fiyWpfag==

"@solana/accounts@2.1.0":
  version "2.1.0"
  resolved "https://registry.npmjs.org/@solana/accounts/-/accounts-2.1.0.tgz"
  integrity sha512-1JOBiLFeIeHmGx7k1b23UWF9vM1HAh9GBMCzr5rBPrGSBs+QUgxBJ3+yrRg+UPEOSELubqo7qoOVFUKYsb1nXw==
  dependencies:
    "@solana/addresses" "2.1.0"
    "@solana/codecs-core" "2.1.0"
    "@solana/codecs-strings" "2.1.0"
    "@solana/errors" "2.1.0"
    "@solana/rpc-spec" "2.1.0"
    "@solana/rpc-types" "2.1.0"

"@solana/addresses@2.1.0":
  version "2.1.0"
  resolved "https://registry.npmjs.org/@solana/addresses/-/addresses-2.1.0.tgz"
  integrity sha512-IgiRuju2yLz14GnrysOPSNZbZQ8F+7jhx7FYZLrbKogf6NX4wy4ijLHxRsLFqP8o8aY69BZULkM9MwrSjsZi7A==
  dependencies:
    "@solana/assertions" "2.1.0"
    "@solana/codecs-core" "2.1.0"
    "@solana/codecs-strings" "2.1.0"
    "@solana/errors" "2.1.0"

"@solana/assertions@^2.0.1-canary-20241114225255", "@solana/assertions@2.1.0":
  version "2.1.0"
  resolved "https://registry.npmjs.org/@solana/assertions/-/assertions-2.1.0.tgz"
  integrity sha512-KCYmxFRsg897Ec7yGdpc0rniOlqGD3NpicmIjWIV87uiXX5uFco4t+01sKyFlhsv4T4OgHxngMsxkfQ3AUkFVg==
  dependencies:
    "@solana/errors" "2.1.0"

"@solana/codecs-core@2.0.0-rc.1":
  version "2.0.0-rc.1"
  resolved "https://registry.npmjs.org/@solana/codecs-core/-/codecs-core-2.0.0-rc.1.tgz"
  integrity sha512-bauxqMfSs8EHD0JKESaNmNuNvkvHSuN3bbWAF5RjOfDu2PugxHrvRebmYauvSumZ3cTfQ4HJJX6PG5rN852qyQ==
  dependencies:
    "@solana/errors" "2.0.0-rc.1"

"@solana/codecs-core@2.1.0":
  version "2.1.0"
  resolved "https://registry.npmjs.org/@solana/codecs-core/-/codecs-core-2.1.0.tgz"
  integrity sha512-SR7pKtmJBg2mhmkel2NeHA1pz06QeQXdMv8WJoIR9m8F/hw80K/612uaYbwTt2nkK0jg/Qn/rNSd7EcJ4SBGjw==
  dependencies:
    "@solana/errors" "2.1.0"

"@solana/codecs-data-structures@2.1.0":
  version "2.1.0"
  resolved "https://registry.npmjs.org/@solana/codecs-data-structures/-/codecs-data-structures-2.1.0.tgz"
  integrity sha512-oDF5ek54kirqJ09q8k/qEpobBiWOhd3CkkGOTyfjsmTF/IGIigNbdYIakxV3+vudBeaNBw08y0XdBYI4JL/nqA==
  dependencies:
    "@solana/codecs-core" "2.1.0"
    "@solana/codecs-numbers" "2.1.0"
    "@solana/errors" "2.1.0"

"@solana/codecs-numbers@2.0.0-rc.1":
  version "2.0.0-rc.1"
  resolved "https://registry.npmjs.org/@solana/codecs-numbers/-/codecs-numbers-2.0.0-rc.1.tgz"
  integrity sha512-J5i5mOkvukXn8E3Z7sGIPxsThRCgSdgTWJDQeZvucQ9PT6Y3HiVXJ0pcWiOWAoQ3RX8e/f4I3IC+wE6pZiJzDQ==
  dependencies:
    "@solana/codecs-core" "2.0.0-rc.1"
    "@solana/errors" "2.0.0-rc.1"

"@solana/codecs-numbers@2.1.0":
  version "2.1.0"
  resolved "https://registry.npmjs.org/@solana/codecs-numbers/-/codecs-numbers-2.1.0.tgz"
  integrity sha512-XMu4yw5iCgQnMKsxSWPPOrGgtaohmupN3eyAtYv3K3C/MJEc5V90h74k5B1GUCiHvcrdUDO9RclNjD9lgbjFag==
  dependencies:
    "@solana/codecs-core" "2.1.0"
    "@solana/errors" "2.1.0"

"@solana/codecs-strings@2.1.0":
  version "2.1.0"
  resolved "https://registry.npmjs.org/@solana/codecs-strings/-/codecs-strings-2.1.0.tgz"
  integrity sha512-O/eJFLzFrHomcCR1Y5QbIqoPo7iaJaWNnIeskB4mVhVjLyjlJS4WtBP2NBRzM9uJXaXyOxxKroqqO9zFsHOpvQ==
  dependencies:
    "@solana/codecs-core" "2.1.0"
    "@solana/codecs-numbers" "2.1.0"
    "@solana/errors" "2.1.0"

"@solana/codecs-strings@rc":
  version "2.0.0-rc.1"
  resolved "https://registry.npmjs.org/@solana/codecs-strings/-/codecs-strings-2.0.0-rc.1.tgz"
  integrity sha512-9/wPhw8TbGRTt6mHC4Zz1RqOnuPTqq1Nb4EyuvpZ39GW6O2t2Q7Q0XxiB3+BdoEjwA2XgPw6e2iRfvYgqty44g==
  dependencies:
    "@solana/codecs-core" "2.0.0-rc.1"
    "@solana/codecs-numbers" "2.0.0-rc.1"
    "@solana/errors" "2.0.0-rc.1"

"@solana/codecs@2.1.0":
  version "2.1.0"
  resolved "https://registry.npmjs.org/@solana/codecs/-/codecs-2.1.0.tgz"
  integrity sha512-C0TnfrpbTg7zoIFYfM65ofeL2AWEz80OsD6mjVdcTKpb1Uj7XuBuNLss3dMnatPQaL7RagD9VLA5/WfYayyteQ==
  dependencies:
    "@solana/codecs-core" "2.1.0"
    "@solana/codecs-data-structures" "2.1.0"
    "@solana/codecs-numbers" "2.1.0"
    "@solana/codecs-strings" "2.1.0"
    "@solana/options" "2.1.0"

"@solana/errors@^2.0.1-canary-20241114225255":
  version "2.1.0"
  resolved "https://registry.npmjs.org/@solana/errors/-/errors-2.1.0.tgz"
  integrity sha512-l+GxAv0Ar4d3c3PlZdA9G++wFYZREEbbRyAFP8+n8HSg0vudCuzogh/13io6hYuUhG/9Ve8ARZNamhV7UScKNw==
  dependencies:
    chalk "^5.3.0"
    commander "^13.1.0"

"@solana/errors@2.0.0-rc.1":
  version "2.0.0-rc.1"
  resolved "https://registry.npmjs.org/@solana/errors/-/errors-2.0.0-rc.1.tgz"
  integrity sha512-ejNvQ2oJ7+bcFAYWj225lyRkHnixuAeb7RQCixm+5mH4n1IA4Qya/9Bmfy5RAAHQzxK43clu3kZmL5eF9VGtYQ==
  dependencies:
    chalk "^5.3.0"
    commander "^12.1.0"

"@solana/errors@2.1.0":
  version "2.1.0"
  resolved "https://registry.npmjs.org/@solana/errors/-/errors-2.1.0.tgz"
  integrity sha512-l+GxAv0Ar4d3c3PlZdA9G++wFYZREEbbRyAFP8+n8HSg0vudCuzogh/13io6hYuUhG/9Ve8ARZNamhV7UScKNw==
  dependencies:
    chalk "^5.3.0"
    commander "^13.1.0"

"@solana/fast-stable-stringify@2.1.0":
  version "2.1.0"
  resolved "https://registry.npmjs.org/@solana/fast-stable-stringify/-/fast-stable-stringify-2.1.0.tgz"
  integrity sha512-a8vR92qbe/VsvQ1BpN3PIEwnoHD2fTHEwCJh9GG58z3R15RIjk73gc0khjcdg4U1tZwTJqWkvk8SbDIgGdOgMA==

"@solana/functional@2.1.0":
  version "2.1.0"
  resolved "https://registry.npmjs.org/@solana/functional/-/functional-2.1.0.tgz"
  integrity sha512-RVij8Av4F2uUOFcEC8n9lgD72e9gQMritmGHhMh+G91Xops4I6Few+oQ++XgSTiL2t3g3Cs0QZ13onZ0FL45FQ==

"@solana/instructions@2.1.0":
  version "2.1.0"
  resolved "https://registry.npmjs.org/@solana/instructions/-/instructions-2.1.0.tgz"
  integrity sha512-wfn6e7Rgm0Sw/Th1v/pXsKTvloZvAAQI7j1yc9WcIk9ngqH5p6LhqMMkrwYPB2oTk8+MMr7SZ4E+2eK2gL6ODA==
  dependencies:
    "@solana/codecs-core" "2.1.0"
    "@solana/errors" "2.1.0"

"@solana/keys@2.1.0":
  version "2.1.0"
  resolved "https://registry.npmjs.org/@solana/keys/-/keys-2.1.0.tgz"
  integrity sha512-esY1+dlZjB18hZML5p+YPec29wi3HH0SzKx7RiqF//dI2cJ6vHfq3F+7ArbNnF6R2YCLFtl7DzS/tkqR2Xkxeg==
  dependencies:
    "@solana/assertions" "2.1.0"
    "@solana/codecs-core" "2.1.0"
    "@solana/codecs-strings" "2.1.0"
    "@solana/errors" "2.1.0"

"@solana/kit@^2.1.0":
  version "2.1.0"
  resolved "https://registry.npmjs.org/@solana/kit/-/kit-2.1.0.tgz"
  integrity sha512-vqaHROLKp89xdIbaKVG6BQ44uMN9E6/rSTeltkvquD2qdTObssafGDbAKVFjwZhlNO+sdzHDCLekGabn5VAL6A==
  dependencies:
    "@solana/accounts" "2.1.0"
    "@solana/addresses" "2.1.0"
    "@solana/codecs" "2.1.0"
    "@solana/errors" "2.1.0"
    "@solana/functional" "2.1.0"
    "@solana/instructions" "2.1.0"
    "@solana/keys" "2.1.0"
    "@solana/programs" "2.1.0"
    "@solana/rpc" "2.1.0"
    "@solana/rpc-parsed-types" "2.1.0"
    "@solana/rpc-spec-types" "2.1.0"
    "@solana/rpc-subscriptions" "2.1.0"
    "@solana/rpc-types" "2.1.0"
    "@solana/signers" "2.1.0"
    "@solana/sysvars" "2.1.0"
    "@solana/transaction-confirmation" "2.1.0"
    "@solana/transaction-messages" "2.1.0"
    "@solana/transactions" "2.1.0"

"@solana/options@2.1.0":
  version "2.1.0"
  resolved "https://registry.npmjs.org/@solana/options/-/options-2.1.0.tgz"
  integrity sha512-T/vJCr8qnwK6HxriOPXCrx31IpA9ZYecxuOzQ3G74kIayED4spmpXp6PLtRYR/fo2LZ6UcgHN0qSgONnvwEweg==
  dependencies:
    "@solana/codecs-core" "2.1.0"
    "@solana/codecs-data-structures" "2.1.0"
    "@solana/codecs-numbers" "2.1.0"
    "@solana/codecs-strings" "2.1.0"
    "@solana/errors" "2.1.0"

"@solana/programs@2.1.0":
  version "2.1.0"
  resolved "https://registry.npmjs.org/@solana/programs/-/programs-2.1.0.tgz"
  integrity sha512-9Y30/yUbTR99+QRN2ukNXQQTGY68oKmVrXnh/et6StM1JF5WHvAJqBigsHG5bt6KxTISoRuncBnH/IRnDqPxKg==
  dependencies:
    "@solana/addresses" "2.1.0"
    "@solana/errors" "2.1.0"

"@solana/promises@2.1.0":
  version "2.1.0"
  resolved "https://registry.npmjs.org/@solana/promises/-/promises-2.1.0.tgz"
  integrity sha512-eQJaQXA2kD4dVyifzhslV3wOvq27fwOJ4az89BQ4Cz83zPbR94xOeDShwcXrKBYqaUf6XqH5MzdEo14t4tKAFQ==

"@solana/rpc-api@2.1.0":
  version "2.1.0"
  resolved "https://registry.npmjs.org/@solana/rpc-api/-/rpc-api-2.1.0.tgz"
  integrity sha512-4yCnHYHFlz9VffivoY5q/HVeBjT59byB2gmg7UyC3ktxD28AlF9jjsE5tJKiapAKr2J3KWm0D/rH/QwW14cGeA==
  dependencies:
    "@solana/addresses" "2.1.0"
    "@solana/codecs-core" "2.1.0"
    "@solana/codecs-strings" "2.1.0"
    "@solana/errors" "2.1.0"
    "@solana/keys" "2.1.0"
    "@solana/rpc-parsed-types" "2.1.0"
    "@solana/rpc-spec" "2.1.0"
    "@solana/rpc-transformers" "2.1.0"
    "@solana/rpc-types" "2.1.0"
    "@solana/transaction-messages" "2.1.0"
    "@solana/transactions" "2.1.0"

"@solana/rpc-parsed-types@2.1.0":
  version "2.1.0"
  resolved "https://registry.npmjs.org/@solana/rpc-parsed-types/-/rpc-parsed-types-2.1.0.tgz"
  integrity sha512-mRzHemxlWDS9p1fPQNKwL+1vEOUMG8peSUJb0X/NbM12yjowDNdzM++fkOgIyCKDPddfkcoNmNrQmr2jwjdN1Q==

"@solana/rpc-spec-types@2.1.0":
  version "2.1.0"
  resolved "https://registry.npmjs.org/@solana/rpc-spec-types/-/rpc-spec-types-2.1.0.tgz"
  integrity sha512-NxcZ8piXMyCdbNUL6d36QJfL2UAQEN33StlGku0ltTVe1nrokZ5WRNjSPohU1fODlNaZzTvUFzvUkM1yGCkyzw==

"@solana/rpc-spec@2.1.0":
  version "2.1.0"
  resolved "https://registry.npmjs.org/@solana/rpc-spec/-/rpc-spec-2.1.0.tgz"
  integrity sha512-NPAIM5EY7Jke0mHnmoMpgCEb/nZKIo+bgVFK/u+z74gY0JnCNt0DfocStUUQtlhqSmTyoHamt3lfxp4GT2zXbA==
  dependencies:
    "@solana/errors" "2.1.0"
    "@solana/rpc-spec-types" "2.1.0"

"@solana/rpc-subscriptions-api@2.1.0":
  version "2.1.0"
  resolved "https://registry.npmjs.org/@solana/rpc-subscriptions-api/-/rpc-subscriptions-api-2.1.0.tgz"
  integrity sha512-de1dBRSE2CUwoZHMXQ/0v7iC+/pG0+iYY8jLHGGNxtKrYbTnV08mXQbaAMrmv2Rk8ZFmfJWbqbYZ9dRWdO3P5g==
  dependencies:
    "@solana/addresses" "2.1.0"
    "@solana/keys" "2.1.0"
    "@solana/rpc-subscriptions-spec" "2.1.0"
    "@solana/rpc-transformers" "2.1.0"
    "@solana/rpc-types" "2.1.0"
    "@solana/transaction-messages" "2.1.0"
    "@solana/transactions" "2.1.0"

"@solana/rpc-subscriptions-channel-websocket@2.1.0":
  version "2.1.0"
  resolved "https://registry.npmjs.org/@solana/rpc-subscriptions-channel-websocket/-/rpc-subscriptions-channel-websocket-2.1.0.tgz"
  integrity sha512-goJe9dv0cs967HJ382vSX8yapXgQzRHCmH323LsXrrpj/s3Eb3yUwJq7AcHgoh4gKIqyAfGybq/bE5Aa8Pcm9g==
  dependencies:
    "@solana/errors" "2.1.0"
    "@solana/functional" "2.1.0"
    "@solana/rpc-subscriptions-spec" "2.1.0"
    "@solana/subscribable" "2.1.0"

"@solana/rpc-subscriptions-spec@2.1.0":
  version "2.1.0"
  resolved "https://registry.npmjs.org/@solana/rpc-subscriptions-spec/-/rpc-subscriptions-spec-2.1.0.tgz"
  integrity sha512-Uqasfd3Tlr22lC/Vy5dToF0e68dMKPdnt4ks7FwXuPdEbNRM/TDGb0GqG+bt/d3IIrNOCA5Y8vsE0nQHGrWG/w==
  dependencies:
    "@solana/errors" "2.1.0"
    "@solana/promises" "2.1.0"
    "@solana/rpc-spec-types" "2.1.0"
    "@solana/subscribable" "2.1.0"

"@solana/rpc-subscriptions@2.1.0":
  version "2.1.0"
  resolved "https://registry.npmjs.org/@solana/rpc-subscriptions/-/rpc-subscriptions-2.1.0.tgz"
  integrity sha512-dTyI03VlueE3s7mA/OBlA5l6yKUUKHMJd31tpzxV3AFnqE/QPS5NVrF/WY6pPBobLJiCP0UFOe7eR/MKP9SUCA==
  dependencies:
    "@solana/errors" "2.1.0"
    "@solana/fast-stable-stringify" "2.1.0"
    "@solana/functional" "2.1.0"
    "@solana/promises" "2.1.0"
    "@solana/rpc-spec-types" "2.1.0"
    "@solana/rpc-subscriptions-api" "2.1.0"
    "@solana/rpc-subscriptions-channel-websocket" "2.1.0"
    "@solana/rpc-subscriptions-spec" "2.1.0"
    "@solana/rpc-transformers" "2.1.0"
    "@solana/rpc-types" "2.1.0"
    "@solana/subscribable" "2.1.0"

"@solana/rpc-transformers@2.1.0":
  version "2.1.0"
  resolved "https://registry.npmjs.org/@solana/rpc-transformers/-/rpc-transformers-2.1.0.tgz"
  integrity sha512-E2xPlaCu6tNO00v4HIJxJCYkoNwgVJYad5sxbIUZOQBWwXnWIcll2jUT4bWKpBGq5vFDYfkzRBr8Rco3DhfXqg==
  dependencies:
    "@solana/errors" "2.1.0"
    "@solana/functional" "2.1.0"
    "@solana/rpc-spec-types" "2.1.0"
    "@solana/rpc-types" "2.1.0"

"@solana/rpc-transport-http@2.1.0":
  version "2.1.0"
  resolved "https://registry.npmjs.org/@solana/rpc-transport-http/-/rpc-transport-http-2.1.0.tgz"
  integrity sha512-E3UovTBid4/S8QDd9FkADVKfyG+v7CW5IqI4c27ZDKfazCsnDLLkqh98C6BvNCqi278HKBui4lI2GoFpCq89Pw==
  dependencies:
    "@solana/errors" "2.1.0"
    "@solana/rpc-spec" "2.1.0"
    "@solana/rpc-spec-types" "2.1.0"
    undici-types "^7.3.0"

"@solana/rpc-types@2.1.0":
  version "2.1.0"
  resolved "https://registry.npmjs.org/@solana/rpc-types/-/rpc-types-2.1.0.tgz"
  integrity sha512-1ODnhmpR1X/GjB7hs4gVR3mcCagfPQV0dzq/2DNuCiMjx2snn64KP5WoAHfBEyoC9/Rb36+JpNj/hLAOikipKA==
  dependencies:
    "@solana/addresses" "2.1.0"
    "@solana/codecs-core" "2.1.0"
    "@solana/codecs-numbers" "2.1.0"
    "@solana/codecs-strings" "2.1.0"
    "@solana/errors" "2.1.0"

"@solana/rpc@2.1.0":
  version "2.1.0"
  resolved "https://registry.npmjs.org/@solana/rpc/-/rpc-2.1.0.tgz"
  integrity sha512-myg9qAo6b2WKyHSMXURQykb+ZRnNEXBPLEcwRwkos8STzPPyRFg6ady2s0FCQQTtL/pVjanIU2bObZIzbMGugA==
  dependencies:
    "@solana/errors" "2.1.0"
    "@solana/fast-stable-stringify" "2.1.0"
    "@solana/functional" "2.1.0"
    "@solana/rpc-api" "2.1.0"
    "@solana/rpc-spec" "2.1.0"
    "@solana/rpc-spec-types" "2.1.0"
    "@solana/rpc-transformers" "2.1.0"
    "@solana/rpc-transport-http" "2.1.0"
    "@solana/rpc-types" "2.1.0"

"@solana/signers@2.1.0":
  version "2.1.0"
  resolved "https://registry.npmjs.org/@solana/signers/-/signers-2.1.0.tgz"
  integrity sha512-Yq0JdJnCecRsSBshNWy+OIRmAGeVfjwIh9Z+H1jv8u8p+dJCOreKakTWuxMt5tnj3q5K1mPcak9O2PqVPZ0teA==
  dependencies:
    "@solana/addresses" "2.1.0"
    "@solana/codecs-core" "2.1.0"
    "@solana/errors" "2.1.0"
    "@solana/instructions" "2.1.0"
    "@solana/keys" "2.1.0"
    "@solana/transaction-messages" "2.1.0"
    "@solana/transactions" "2.1.0"

"@solana/subscribable@2.1.0":
  version "2.1.0"
  resolved "https://registry.npmjs.org/@solana/subscribable/-/subscribable-2.1.0.tgz"
  integrity sha512-xi12Cm889+uT5sRKnIzr7nLnHAp3hiR3dqIzrT1P7z7iEGp8OnqUQIQCHlgozFHM2cPW+6685NQXk1l1ImuJIw==
  dependencies:
    "@solana/errors" "2.1.0"

"@solana/sysvars@^2.1.0", "@solana/sysvars@2.1.0":
  version "2.1.0"
  resolved "https://registry.npmjs.org/@solana/sysvars/-/sysvars-2.1.0.tgz"
  integrity sha512-GXu9yS0zIebmM1Unqw/XFpYuvug03m42w98ioOPV/yiHzECggGRGpHGD9RLVYnkyz0eL4NRbnJ5dAEu/fvGe0A==
  dependencies:
    "@solana/accounts" "2.1.0"
    "@solana/codecs" "2.1.0"
    "@solana/errors" "2.1.0"
    "@solana/rpc-types" "2.1.0"

"@solana/transaction-confirmation@^2.0.0", "@solana/transaction-confirmation@2.1.0":
  version "2.1.0"
  resolved "https://registry.npmjs.org/@solana/transaction-confirmation/-/transaction-confirmation-2.1.0.tgz"
  integrity sha512-VxOvtvs2e9h5u73PHyE2TptLAMO5x6dOXlOgvq1Nk6l3rKM2HAsd+KDpN7gjOo8/EgItMMmyEilXygWWRgpSIA==
  dependencies:
    "@solana/addresses" "2.1.0"
    "@solana/codecs-strings" "2.1.0"
    "@solana/errors" "2.1.0"
    "@solana/keys" "2.1.0"
    "@solana/promises" "2.1.0"
    "@solana/rpc" "2.1.0"
    "@solana/rpc-subscriptions" "2.1.0"
    "@solana/rpc-types" "2.1.0"
    "@solana/transaction-messages" "2.1.0"
    "@solana/transactions" "2.1.0"

"@solana/transaction-messages@2.1.0":
  version "2.1.0"
  resolved "https://registry.npmjs.org/@solana/transaction-messages/-/transaction-messages-2.1.0.tgz"
  integrity sha512-+GPzZHLYNFbqHKoiL8mYALp7eAXtAbI6zLViZpIM3zUbVNU3q5+FCKGv6jCBnxs+3QCbeapu+W1OyfDa6BUtTQ==
  dependencies:
    "@solana/addresses" "2.1.0"
    "@solana/codecs-core" "2.1.0"
    "@solana/codecs-data-structures" "2.1.0"
    "@solana/codecs-numbers" "2.1.0"
    "@solana/errors" "2.1.0"
    "@solana/functional" "2.1.0"
    "@solana/instructions" "2.1.0"
    "@solana/rpc-types" "2.1.0"

"@solana/transactions@2.1.0":
  version "2.1.0"
  resolved "https://registry.npmjs.org/@solana/transactions/-/transactions-2.1.0.tgz"
  integrity sha512-QeM4sCItReeIy5LU7LhGkz7RPfMPTg/Qo8h0LSfhiJiPTOHOhElmh42vkLJmwPl83+MsKtisyPQNK6penM2nAw==
  dependencies:
    "@solana/addresses" "2.1.0"
    "@solana/codecs-core" "2.1.0"
    "@solana/codecs-data-structures" "2.1.0"
    "@solana/codecs-numbers" "2.1.0"
    "@solana/codecs-strings" "2.1.0"
    "@solana/errors" "2.1.0"
    "@solana/functional" "2.1.0"
    "@solana/instructions" "2.1.0"
    "@solana/keys" "2.1.0"
    "@solana/rpc-types" "2.1.0"
    "@solana/transaction-messages" "2.1.0"

"@types/node@^22.13.5":
  version "22.14.0"
  resolved "https://registry.npmjs.org/@types/node/-/node-22.14.0.tgz"
  integrity sha512-Kmpl+z84ILoG+3T/zQFyAJsU6EPTmOCj8/2+83fSN6djd6I4o7uOuGIH6vq3PrjY5BGitSbFuMN18j3iknubbA==
  dependencies:
    undici-types "~6.21.0"

a-sync-waterfall@^1.0.0:
  version "1.0.1"
  resolved "https://registry.npmjs.org/a-sync-waterfall/-/a-sync-waterfall-1.0.1.tgz"
  integrity sha512-RYTOHHdWipFUliRFMCS4X2Yn2X8M87V/OpSqWzKKOGhzqyUxzyVmhHDH9sAvG+ZuQf/TAOFsLCpMw09I1ufUnA==

anymatch@~3.1.2:
  version "3.1.3"
  resolved "https://registry.npmjs.org/anymatch/-/anymatch-3.1.3.tgz"
  integrity sha512-KMReFUr0B4t+D+OBkjR3KYqvocp2XaSzO55UcB6mgQMd3KbcE+mWTyvVV7D/zsdEbNnV6acZUutkiHQXvTr1Rw==
  dependencies:
    normalize-path "^3.0.0"
    picomatch "^2.0.4"

asap@^2.0.3:
  version "2.0.6"
  resolved "https://registry.npmjs.org/asap/-/asap-2.0.6.tgz"
  integrity sha512-BSHWgDSAiKs50o2Re8ppvp3seVHXSRM44cdSsT9FfNEUUZLOGWVCsiWaRPWM1Znn+mqZ1OfVZ3z3DWEzSp7hRA==

base-x@^5.0.0:
  version "5.0.1"
  resolved "https://registry.npmjs.org/base-x/-/base-x-5.0.1.tgz"
  integrity sha512-M7uio8Zt++eg3jPj+rHMfCC+IuygQHHCOU+IYsVtik6FWjuYpVt/+MRKcgsAMHh8mMFAwnB+Bs+mTrFiXjMzKg==

binary-extensions@^2.0.0:
  version "2.3.0"
  resolved "https://registry.npmjs.org/binary-extensions/-/binary-extensions-2.3.0.tgz"
  integrity sha512-Ceh+7ox5qe7LJuLHoY0feh3pHuUDHAcRUeyL2VYghZwfpkNIy/+8Ocg0a3UuSoYzavmylwuLWQOf3hl0jjMMIw==

braces@~3.0.2:
  version "3.0.3"
  resolved "https://registry.npmjs.org/braces/-/braces-3.0.3.tgz"
  integrity sha512-yQbXgO/OSZVD2IsiLlro+7Hf6Q18EJrKSEsdoMzKePKXct3gvD8oLcOQdIzGupr5Fj+EDe8gO/lxc1BzfMpxvA==
  dependencies:
    fill-range "^7.1.1"

bs58@^6.0.0:
  version "6.0.0"
  resolved "https://registry.npmjs.org/bs58/-/bs58-6.0.0.tgz"
  integrity sha512-PD0wEnEYg6ijszw/u8s+iI3H17cTymlrwkKhDhPZq+Sokl3AU4htyBFTjAeNAlCCmg0f53g6ih3jATyCKftTfw==
  dependencies:
    base-x "^5.0.0"

bufferutil@^4.0.1:
  version "4.0.9"
  resolved "https://registry.npmjs.org/bufferutil/-/bufferutil-4.0.9.tgz"
  integrity sha512-WDtdLmJvAuNNPzByAYpRo2rF1Mmradw6gvWsQKf63476DDXmomT9zUiGypLcG4ibIM67vhAj8jJRdbmEws2Aqw==
  dependencies:
    node-gyp-build "^4.3.0"

call-bind-apply-helpers@^1.0.0, call-bind-apply-helpers@^1.0.1, call-bind-apply-helpers@^1.0.2:
  version "1.0.2"
  resolved "https://registry.npmjs.org/call-bind-apply-helpers/-/call-bind-apply-helpers-1.0.2.tgz"
  integrity sha512-Sp1ablJ0ivDkSzjcaJdxEunN5/XvksFJ2sMBFfq6x0ryhQV/2b/KwFe21cMpmHtPOSij8K99/wSfoEuTObmuMQ==
  dependencies:
    es-errors "^1.3.0"
    function-bind "^1.1.2"

call-bind@^1.0.8:
  version "1.0.8"
  resolved "https://registry.npmjs.org/call-bind/-/call-bind-1.0.8.tgz"
  integrity sha512-oKlSFMcMwpUg2ednkhQ454wfWiU/ul3CkJe/PEHcTKuiX6RpbehUiFMXu13HalGZxfUwCQzZG747YXBn1im9ww==
  dependencies:
    call-bind-apply-helpers "^1.0.0"
    es-define-property "^1.0.0"
    get-intrinsic "^1.2.4"
    set-function-length "^1.2.2"

call-bound@^1.0.3:
  version "1.0.4"
  resolved "https://registry.npmjs.org/call-bound/-/call-bound-1.0.4.tgz"
  integrity sha512-+ys997U96po4Kx/ABpBCqhA9EuxJaQWDQg7295H4hBphv3IZg0boBKuwYpt4YXp6MZ5AmZQnU/tyMTlRpaSejg==
  dependencies:
    call-bind-apply-helpers "^1.0.2"
    get-intrinsic "^1.3.0"

chalk@^5.3.0:
  version "5.4.1"
  resolved "https://registry.npmjs.org/chalk/-/chalk-5.4.1.tgz"
  integrity sha512-zgVZuo2WcZgfUEmsn6eO3kINexW8RAE4maiQ8QNs8CtpPCSyMiYsULR3HQYkm3w8FIA3SberyMJMSldGsW+U3w==

chalk@^5.4.1:
  version "5.4.1"
  resolved "https://registry.npmjs.org/chalk/-/chalk-5.4.1.tgz"
  integrity sha512-zgVZuo2WcZgfUEmsn6eO3kINexW8RAE4maiQ8QNs8CtpPCSyMiYsULR3HQYkm3w8FIA3SberyMJMSldGsW+U3w==

chokidar@^3.3.0:
  version "3.5.3"
  resolved "https://registry.npmjs.org/chokidar/-/chokidar-3.5.3.tgz"
  integrity sha512-Dr3sfKRP6oTcjf2JmUmFJfeVMvXBdegxB0iVQ5eb2V10uFJUCAS8OByZdVAyVb8xXNz3GjjTgj9kLWsZTqE6kw==
  dependencies:
    anymatch "~3.1.2"
    braces "~3.0.2"
    glob-parent "~5.1.2"
    is-binary-path "~2.1.0"
    is-glob "~4.0.1"
    normalize-path "~3.0.0"
    readdirp "~3.6.0"
  optionalDependencies:
    fsevents "~2.3.2"

codama@^1.2.8:
  version "1.2.11"
  resolved "https://registry.npmjs.org/codama/-/codama-1.2.11.tgz"
  integrity sha512-mb5KYgsc8tH8t+MKy0jQBmCrySgRRxt/eGDbmuidLsORck925f6qZihkM64czARQ47AjY8nJg1URwg0RGdCjsg==
  dependencies:
    "@codama/cli" "1.0.10"
    "@codama/errors" "1.2.11"
    "@codama/nodes" "1.2.11"
    "@codama/validators" "1.2.11"
    "@codama/visitors" "1.2.11"

commander@^12.1.0:
  version "12.1.0"
  resolved "https://registry.npmjs.org/commander/-/commander-12.1.0.tgz"
  integrity sha512-Vw8qHK3bZM9y/P10u3Vib8o/DdkvA2OtPtZvD871QKjy74Wj1WSKFILMPRPSdUSx5RFK1arlJzEtA4PkFgnbuA==

commander@^13.1.0:
  version "13.1.0"
  resolved "https://registry.npmjs.org/commander/-/commander-13.1.0.tgz"
  integrity sha512-/rFeCpNJQbhSZjGVwO9RFV3xPqbnERS8MmIQzCtD/zl6gpJuV/bMLuN92oG3F7d8oDEHHRrujSXNUr8fpjntKw==

commander@^5.1.0:
  version "5.1.0"
  resolved "https://registry.npmjs.org/commander/-/commander-5.1.0.tgz"
  integrity sha512-P0CysNDQ7rtVw4QIQtm+MRxV66vKFSvlsQvGYXZWR3qFU0jlMKHZZZgw8e+8DSah4UDKMqnknRDQz+xuQXQ/Zg==

define-data-property@^1.1.4:
  version "1.1.4"
  resolved "https://registry.npmjs.org/define-data-property/-/define-data-property-1.1.4.tgz"
  integrity sha512-rBMvIzlpA8v6E+SJZoo++HAYqsLrkg7MSfIinMPFhmkorw7X+dOXVJQs+QT69zGkzMyfDnIMN2Wid1+NbL3T+A==
  dependencies:
    es-define-property "^1.0.0"
    es-errors "^1.3.0"
    gopd "^1.0.1"

dotenv@^16.4.5:
  version "16.5.0"
  resolved "https://registry.npmjs.org/dotenv/-/dotenv-16.5.0.tgz"
  integrity sha512-m/C+AwOAr9/W1UOIZUo232ejMNnJAJtYQjUbHoNTBNTJSvqzzDh7vnrei3o3r3m9blf6ZoDkvcw0VmozNRFJxg==

dunder-proto@^1.0.1:
  version "1.0.1"
  resolved "https://registry.npmjs.org/dunder-proto/-/dunder-proto-1.0.1.tgz"
  integrity sha512-KIN/nDJBQRcXw0MLVhZE9iQHmG68qAVIBg9CqmUYjmQIhgij9U5MFvrqkUL5FbtyyzZuOeOt0zdeRe4UY7ct+A==
  dependencies:
    call-bind-apply-helpers "^1.0.1"
    es-errors "^1.3.0"
    gopd "^1.2.0"

es-define-property@^1.0.0, es-define-property@^1.0.1:
  version "1.0.1"
  resolved "https://registry.npmjs.org/es-define-property/-/es-define-property-1.0.1.tgz"
  integrity sha512-e3nRfgfUZ4rNGL232gUgX06QNyyez04KdjFrF+LTRoOXmrOgFKDg4BCdsjW8EnT69eqdYGmRpJwiPVYNrCaW3g==

es-errors@^1.3.0:
  version "1.3.0"
  resolved "https://registry.npmjs.org/es-errors/-/es-errors-1.3.0.tgz"
  integrity sha512-Zf5H2Kxt2xjTvbJvP2ZWLEICxA6j+hAmMzIlypy4xcBg1vKVnx89Wy0GbS+kf5cwCVFFzdCFh2XSCFNULS6csw==

es-object-atoms@^1.0.0, es-object-atoms@^1.1.1:
  version "1.1.1"
  resolved "https://registry.npmjs.org/es-object-atoms/-/es-object-atoms-1.1.1.tgz"
  integrity sha512-FGgH2h8zKNim9ljj7dankFPcICIK9Cp5bm+c2gQSYePhpaG5+esrLODihIorn+Pe6FGJzWhXQotPv73jTaldXA==
  dependencies:
    es-errors "^1.3.0"

esbuild@~0.25.0:
  version "0.25.2"
  resolved "https://registry.npmjs.org/esbuild/-/esbuild-0.25.2.tgz"
  integrity sha512-16854zccKPnC+toMywC+uKNeYSv+/eXkevRAfwRD/G9Cleq66m8XFIrigkbvauLLlCfDL45Q2cWegSg53gGBnQ==
  optionalDependencies:
    "@esbuild/aix-ppc64" "0.25.2"
    "@esbuild/android-arm" "0.25.2"
    "@esbuild/android-arm64" "0.25.2"
    "@esbuild/android-x64" "0.25.2"
    "@esbuild/darwin-arm64" "0.25.2"
    "@esbuild/darwin-x64" "0.25.2"
    "@esbuild/freebsd-arm64" "0.25.2"
    "@esbuild/freebsd-x64" "0.25.2"
    "@esbuild/linux-arm" "0.25.2"
    "@esbuild/linux-arm64" "0.25.2"
    "@esbuild/linux-ia32" "0.25.2"
    "@esbuild/linux-loong64" "0.25.2"
    "@esbuild/linux-mips64el" "0.25.2"
    "@esbuild/linux-ppc64" "0.25.2"
    "@esbuild/linux-riscv64" "0.25.2"
    "@esbuild/linux-s390x" "0.25.2"
    "@esbuild/linux-x64" "0.25.2"
    "@esbuild/netbsd-arm64" "0.25.2"
    "@esbuild/netbsd-x64" "0.25.2"
    "@esbuild/openbsd-arm64" "0.25.2"
    "@esbuild/openbsd-x64" "0.25.2"
    "@esbuild/sunos-x64" "0.25.2"
    "@esbuild/win32-arm64" "0.25.2"
    "@esbuild/win32-ia32" "0.25.2"
    "@esbuild/win32-x64" "0.25.2"

fastestsmallesttextencoderdecoder@^1.0.22:
  version "1.0.22"
  resolved "https://registry.npmjs.org/fastestsmallesttextencoderdecoder/-/fastestsmallesttextencoderdecoder-1.0.22.tgz"
  integrity sha512-Pb8d48e+oIuY4MaM64Cd7OW1gt4nxCHs7/ddPPZ/Ic3sg8yVGM7O9wDvZ7us6ScaUupzM+pfBolwtYhN1IxBIw==

fill-range@^7.1.1:
  version "7.1.1"
  resolved "https://registry.npmjs.org/fill-range/-/fill-range-7.1.1.tgz"
  integrity sha512-YsGpe3WHLK8ZYi4tWDg2Jy3ebRz2rXowDxnld4bkQB00cc/1Zw9AWnC0i9ztDJitivtQvaI9KaLyKrc+hBW0yg==
  dependencies:
    to-regex-range "^5.0.1"

fsevents@~2.3.2, fsevents@~2.3.3:
  version "2.3.3"
  resolved "https://registry.npmjs.org/fsevents/-/fsevents-2.3.3.tgz"
  integrity sha512-5xoDfX+fL7faATnagmWPpbFtwh/R77WmMMqqHGS65C3vvB0YHrgF+B1YmZ3441tMj5n63k0212XNoJwzlhffQw==

function-bind@^1.1.2:
  version "1.1.2"
  resolved "https://registry.npmjs.org/function-bind/-/function-bind-1.1.2.tgz"
  integrity sha512-7XHNxH7qX9xG5mIwxkhumTox/MIRNcOgDrxWsMt2pAr23WHp6MrRlN7FBSFpCpr+oVO0F744iUgR82nJMfG2SA==

get-intrinsic@^1.2.4, get-intrinsic@^1.3.0:
  version "1.3.0"
  resolved "https://registry.npmjs.org/get-intrinsic/-/get-intrinsic-1.3.0.tgz"
  integrity sha512-9fSjSaos/fRIVIp+xSJlE6lfwhES7LNtKaCBIamHsjr2na1BiABJPo0mOjjz8GJDURarmCPGqaiVg5mfjb98CQ==
  dependencies:
    call-bind-apply-helpers "^1.0.2"
    es-define-property "^1.0.1"
    es-errors "^1.3.0"
    es-object-atoms "^1.1.1"
    function-bind "^1.1.2"
    get-proto "^1.0.1"
    gopd "^1.2.0"
    has-symbols "^1.1.0"
    hasown "^2.0.2"
    math-intrinsics "^1.1.0"

get-proto@^1.0.1:
  version "1.0.1"
  resolved "https://registry.npmjs.org/get-proto/-/get-proto-1.0.1.tgz"
  integrity sha512-sTSfBjoXBp89JvIKIefqw7U2CCebsc74kiY6awiGogKtoSGbgjYE/G/+l9sF3MWFPNc9IcoOC4ODfKHfxFmp0g==
  dependencies:
    dunder-proto "^1.0.1"
    es-object-atoms "^1.0.0"

get-tsconfig@^4.7.5:
  version "4.10.0"
  resolved "https://registry.npmjs.org/get-tsconfig/-/get-tsconfig-4.10.0.tgz"
  integrity sha512-kGzZ3LWWQcGIAmg6iWvXn0ei6WDtV26wzHRMwDSzmAbcXrTEXxHy6IehI6/4eT6VRKyMP1eF1VqwrVUmE/LR7A==
  dependencies:
    resolve-pkg-maps "^1.0.0"

glob-parent@~5.1.2:
  version "5.1.2"
  resolved "https://registry.npmjs.org/glob-parent/-/glob-parent-5.1.2.tgz"
  integrity sha512-AOIgSQCepiJYwP3ARnGx+5VnTu2HBYdzbGP45eLw1vr3zB3vZLeyed1sC9hnbcOc9/SrMyM5RPQrkGz4aS9Zow==
  dependencies:
    is-glob "^4.0.1"

gopd@^1.0.1, gopd@^1.2.0:
  version "1.2.0"
  resolved "https://registry.npmjs.org/gopd/-/gopd-1.2.0.tgz"
  integrity sha512-ZUKRh6/kUFoAiTAtTYPZJ3hw9wNxx+BIBOijnlG9PnrJsCcSjs1wyyD6vJpaYtgnzDrKYRSqf3OO6Rfa93xsRg==

has-property-descriptors@^1.0.2:
  version "1.0.2"
  resolved "https://registry.npmjs.org/has-property-descriptors/-/has-property-descriptors-1.0.2.tgz"
  integrity sha512-55JNKuIW+vq4Ke1BjOTjM2YctQIvCT7GFzHwmfZPGo5wnrgkid0YQtnAleFSqumZm4az3n2BS+erby5ipJdgrg==
  dependencies:
    es-define-property "^1.0.0"

has-symbols@^1.1.0:
  version "1.1.0"
  resolved "https://registry.npmjs.org/has-symbols/-/has-symbols-1.1.0.tgz"
  integrity sha512-1cDNdwJ2Jaohmb3sg4OmKaMBwuC48sYni5HUw2DvsC8LjGTLK9h+eb1X6RyuOHe4hT0ULCW68iomhjUoKUqlPQ==

hasown@^2.0.2:
  version "2.0.2"
  resolved "https://registry.npmjs.org/hasown/-/hasown-2.0.2.tgz"
  integrity sha512-0hJU9SCPvmMzIBdZFqNPXWa6dqh7WdH0cII9y+CyS8rG3nL48Bclra9HmKhVVUHyPWNH5Y7xDwAB7bfgSjkUMQ==
  dependencies:
    function-bind "^1.1.2"

is-binary-path@~2.1.0:
  version "2.1.0"
  resolved "https://registry.npmjs.org/is-binary-path/-/is-binary-path-2.1.0.tgz"
  integrity sha512-ZMERYes6pDydyuGidse7OsHxtbI7WVeUEozgR/g7rd0xUimYNlvZRE/K2MgZTjWy725IfelLeVcEM97mmtRGXw==
  dependencies:
    binary-extensions "^2.0.0"

is-extglob@^2.1.1:
  version "2.1.1"
  resolved "https://registry.npmjs.org/is-extglob/-/is-extglob-2.1.1.tgz"
  integrity sha512-SbKbANkN603Vi4jEZv49LeVJMn4yGwsbzZworEoyEiutsN3nJYdbO36zfhGJ6QEDpOZIFkDtnq5JRxmvl3jsoQ==

is-glob@^4.0.1, is-glob@~4.0.1:
  version "4.0.3"
  resolved "https://registry.npmjs.org/is-glob/-/is-glob-4.0.3.tgz"
  integrity sha512-xelSayHH36ZgE7ZWhli7pW34hNbNl8Ojv5KVmkJD4hBdD3th8Tfk9vYasLM+mXWOZhFkgZfxhLSnrwRr4elSSg==
  dependencies:
    is-extglob "^2.1.1"

is-number@^7.0.0:
  version "7.0.0"
  resolved "https://registry.npmjs.org/is-number/-/is-number-7.0.0.tgz"
  integrity sha512-41Cifkg6e8TylSpdtTpeLVMqvSBEVzTttHvERD741+pnZ8ANv0004MRL43QKPDlK9cGvNp6NZWZUBlbGXYxxng==

isarray@^2.0.5:
  version "2.0.5"
  resolved "https://registry.npmjs.org/isarray/-/isarray-2.0.5.tgz"
  integrity sha512-xHjhDr3cNBK0BzdUJSPXZntQUx/mwMS5Rw4A7lPJ90XGAO6ISP/ePDNuo0vhqOZU+UD5JoodwCAAoZQd3FeAKw==

json-stable-stringify@^1.2.1:
  version "1.2.1"
  resolved "https://registry.npmjs.org/json-stable-stringify/-/json-stable-stringify-1.2.1.tgz"
  integrity sha512-Lp6HbbBgosLmJbjx0pBLbgvx68FaFU1sdkmBuckmhhJ88kL13OA51CDtR2yJB50eCNMH9wRqtQNNiAqQH4YXnA==
  dependencies:
    call-bind "^1.0.8"
    call-bound "^1.0.3"
    isarray "^2.0.5"
    jsonify "^0.0.1"
    object-keys "^1.1.1"

jsonify@^0.0.1:
  version "0.0.1"
  resolved "https://registry.npmjs.org/jsonify/-/jsonify-0.0.1.tgz"
  integrity sha512-2/Ki0GcmuqSrgFyelQq9M05y7PS0mEwuIzrf3f1fPqkVDVRvZrPZtVSMHxdgo8Aq0sxAOb/cr2aqqA3LeWHVPg==

kleur@^3.0.3:
  version "3.0.3"
  resolved "https://registry.npmjs.org/kleur/-/kleur-3.0.3.tgz"
  integrity sha512-eTIzlVOSUR+JxdDFepEYcBMtZ9Qqdef+rnzWdRZuMbOywu5tO2w2N7rqjoANZ5k9vywhL6Br1VRjUIgTQx4E8w==

math-intrinsics@^1.1.0:
  version "1.1.0"
  resolved "https://registry.npmjs.org/math-intrinsics/-/math-intrinsics-1.1.0.tgz"
  integrity sha512-/IXtbwEk5HTPyEwyKX6hGkYXxM9nbj64B+ilVJnC/R6B0pH5G4V3b0pVbL7DBj4tkhBAppbQUlf6F6Xl9LHu1g==

node-gyp-build@^4.3.0:
  version "4.8.4"
  resolved "https://registry.npmjs.org/node-gyp-build/-/node-gyp-build-4.8.4.tgz"
  integrity sha512-LA4ZjwlnUblHVgq0oBF3Jl/6h/Nvs5fzBLwdEF4nuxnFdsfajde4WfxtJr3CaiH+F6ewcIB/q4jQ4UzPyid+CQ==

normalize-path@^3.0.0, normalize-path@~3.0.0:
  version "3.0.0"
  resolved "https://registry.npmjs.org/normalize-path/-/normalize-path-3.0.0.tgz"
  integrity sha512-6eZs5Ls3WtCisHWp9S2GUy8dqkpGi4BVSz3GaqiE6ezub0512ESztXUwUB6C6IKbQkY2Pnb/mD4WYojCRwcwLA==

nunjucks@^3.2.4:
  version "3.2.4"
  resolved "https://registry.npmjs.org/nunjucks/-/nunjucks-3.2.4.tgz"
  integrity sha512-26XRV6BhkgK0VOxfbU5cQI+ICFUtMLixv1noZn1tGU38kQH5A5nmmbk/O45xdyBhD1esk47nKrY0mvQpZIhRjQ==
  dependencies:
    a-sync-waterfall "^1.0.0"
    asap "^2.0.3"
    commander "^5.1.0"

object-keys@^1.1.1:
  version "1.1.1"
  resolved "https://registry.npmjs.org/object-keys/-/object-keys-1.1.1.tgz"
  integrity sha512-NuAESUOUMrlIXOfHKzD6bpPu3tYt3xvjNdRIQ+FeT0lNb4K8WR70CaDxhuNguS2XG+GjkyMwOzsN5ZktImfhLA==

picocolors@^1.1.1:
  version "1.1.1"
  resolved "https://registry.npmjs.org/picocolors/-/picocolors-1.1.1.tgz"
  integrity sha512-xceH2snhtb5M9liqDsmEw56le376mTZkEX/jEb/RxNFyegNul7eNslCXP9FDj/Lcu0X8KEyMceP2ntpaHrDEVA==

picomatch@^2.0.4, picomatch@^2.2.1:
  version "2.3.1"
  resolved "https://registry.npmjs.org/picomatch/-/picomatch-2.3.1.tgz"
  integrity sha512-JU3teHTNjmE2VCGFzuY8EXzCDVwEqB2a8fsIvwaStHhAWJEeVd1o1QD80CU6+ZdEXXSLbSsuLwJjkCBWqRQUVA==

prettier@^3.4.2, prettier@^3.5.3:
  version "3.5.3"
  resolved "https://registry.npmjs.org/prettier/-/prettier-3.5.3.tgz"
  integrity sha512-QQtaxnoDJeAkDvDKWCLiwIXkTgRhwYDEQCghU9Z6q03iyek/rxRh/2lC3HB7P8sWT2xC/y5JDctPLBIGzHKbhw==

prompts@^2.4.2:
  version "2.4.2"
  resolved "https://registry.npmjs.org/prompts/-/prompts-2.4.2.tgz"
  integrity sha512-NxNv/kLguCA7p3jE8oL2aEBsrJWgAakBpgmgK6lpPWV+WuOmY6r2/zbAVnP+T8bQlA0nzHXSJSJW0Hq7ylaD2Q==
  dependencies:
    kleur "^3.0.3"
    sisteransi "^1.0.5"

readdirp@~3.6.0:
  version "3.6.0"
  resolved "https://registry.npmjs.org/readdirp/-/readdirp-3.6.0.tgz"
  integrity sha512-hOS089on8RduqdbhvQ5Z37A0ESjsqz6qnRcffsMU3495FuTdqSm+7bhJ29JvIOsBDEEnan5DPu9t3To9VRlMzA==
  dependencies:
    picomatch "^2.2.1"

resolve-pkg-maps@^1.0.0:
  version "1.0.0"
  resolved "https://registry.npmjs.org/resolve-pkg-maps/-/resolve-pkg-maps-1.0.0.tgz"
  integrity sha512-seS2Tj26TBVOC2NIc2rOe2y2ZO7efxITtLZcGSOnHHNOQ7CkiUBfw0Iw2ck6xkIhPwLhKNLS8BO+hEpngQlqzw==

set-function-length@^1.2.2:
  version "1.2.2"
  resolved "https://registry.npmjs.org/set-function-length/-/set-function-length-1.2.2.tgz"
  integrity sha512-pgRc4hJ4/sNjWCSS9AmnS40x3bNMDTknHgL5UaMBTMyJnU90EgWh1Rz+MC9eFu4BuN/UwZjKQuY/1v3rM7HMfg==
  dependencies:
    define-data-property "^1.1.4"
    es-errors "^1.3.0"
    function-bind "^1.1.2"
    get-intrinsic "^1.2.4"
    gopd "^1.0.1"
    has-property-descriptors "^1.0.2"

sisteransi@^1.0.5:
  version "1.0.5"
  resolved "https://registry.npmjs.org/sisteransi/-/sisteransi-1.0.5.tgz"
  integrity sha512-bLGGlR1QxBcynn2d5YmDX4MGjlZvy2MRBDRNHLJ8VI6l6+9FUiyTFNJ0IveOSP0bcXgVDPRcfGqA0pjaqUpfVg==

solana-kite@^1.1.0:
  version "1.1.0"
  resolved "https://registry.npmjs.org/solana-kite/-/solana-kite-1.1.0.tgz"
  integrity sha512-oLrKU85WqNnZ4xBR+1mbeDdvsSN7PqXSKo1Rotp8Z/GTR0IhQD/Euhcv8MlWEHceMpt4yPj4bGXBeaCkl+prBw==
  dependencies:
    "@solana-program/compute-budget" "^0.7.0"
    "@solana-program/memo" "^0.7.0"
    "@solana-program/system" "^0.7.0"
    "@solana-program/token" "^0.5.1"
    "@solana-program/token-2022" "^0.4.0"
    "@solana/assertions" "^2.0.1-canary-20241114225255"
    "@solana/errors" "^2.0.1-canary-20241114225255"
    "@solana/kit" "^2.1.0"
    "@solana/transaction-confirmation" "^2.0.0"
    bs58 "^6.0.0"
    dotenv "^16.4.5"

to-regex-range@^5.0.1:
  version "5.0.1"
  resolved "https://registry.npmjs.org/to-regex-range/-/to-regex-range-5.0.1.tgz"
  integrity sha512-65P7iz6X5yEr1cwcgvQxbbIw7Uk3gOy5dIdtZ4rDveLqhrdJP+Li/Hx6tyK0NEb+2GCyneCMJiGqrADCSNk8sQ==
  dependencies:
    is-number "^7.0.0"

tsx@^4.19.3:
  version "4.19.3"
  resolved "https://registry.npmjs.org/tsx/-/tsx-4.19.3.tgz"
  integrity sha512-4H8vUNGNjQ4V2EOoGw005+c+dGuPSnhpPBPHBtsZdGZBk/iJb4kguGlPWaZTZ3q5nMtFOEsY0nRDlh9PJyd6SQ==
  dependencies:
    esbuild "~0.25.0"
    get-tsconfig "^4.7.5"
  optionalDependencies:
    fsevents "~2.3.3"

typescript@^5.8.2, typescript@>=5:
  version "5.8.3"
  resolved "https://registry.npmjs.org/typescript/-/typescript-5.8.3.tgz"
  integrity sha512-p1diW6TqL9L07nNxvRMM7hMMw4c5XOo/1ibL4aAIGmSAt9slTE1Xgw5KWuof2uTOvCg9BY7ZRi+GaF+7sfgPeQ==

undici-types@^7.3.0:
  version "7.8.0"
  resolved "https://registry.npmjs.org/undici-types/-/undici-types-7.8.0.tgz"
  integrity sha512-9UJ2xGDvQ43tYyVMpuHlsgApydB8ZKfVYTsLDhXkFL/6gfkp+U8xTGdh8pMJv1SpZna0zxG1DwsKZsreLbXBxw==

undici-types@~6.21.0:
  version "6.21.0"
  resolved "https://registry.npmjs.org/undici-types/-/undici-types-6.21.0.tgz"
  integrity sha512-iwDZqg0QAGrg9Rav5H4n0M64c3mkR59cJ6wQp+7C4nI0gsmExaedaYLNO44eT4AtBBwjbTiGPMlt2Md0T9H9JQ==

utf-8-validate@>=5.0.2:
  version "5.0.10"
  resolved "https://registry.npmjs.org/utf-8-validate/-/utf-8-validate-5.0.10.tgz"
  integrity sha512-Z6czzLq4u8fPOyx7TU6X3dvUZVvoJmxSQ+IcrlmagKhilxlhZgxPK6C5Jqbkw1IDUmFTM+cz9QDnnLTwDz/2gQ==
  dependencies:
    node-gyp-build "^4.3.0"

ws@^8.18.0:
  version "8.18.1"
  resolved "https://registry.npmjs.org/ws/-/ws-8.18.1.tgz"
  integrity sha512-RKW2aJZMXeMxVpnZ6bck+RswznaxmzdULiBr6KY7XkTnW8uvt0iT9H5DkHUChXrc+uurzwa0rVI16n/Xzjdz1w==
